
Microsoft Visual Studio Solution File, Format Version 12.00
# Visual Studio Version 17
VisualStudioVersion = 17.8.34511.84
MinimumVisualStudioVersion = 10.0.40219.1
Project("{9A19103F-16F7-4668-BE54-9A1E7A4F7556}") = "Control.Endeavour.FrontEnd", "Control.Endeavour.FrontEnd\Control.Endeavour.FrontEnd.csproj", "{F5F4261F-0A5D-4B4C-9C89-EF22E43503A2}"
EndProject
Project("{9A19103F-16F7-4668-BE54-9A1E7A4F7556}") = "Control.Endeavour.FrontEnd.Models", "Control.Endeavour.FrontEnd.Models\Control.Endeavour.FrontEnd.Models.csproj", "{199C0B29-98C6-4038-80DA-E72AFF5969D1}"
EndProject
Project("{9A19103F-16F7-4668-BE54-9A1E7A4F7556}") = "Control.Endeavour.FrontEnd.Services", "Control.Endeavour.FrontEnd.Services\Control.Endeavour.FrontEnd.Services.csproj", "{9AFB0C8E-DC7D-49EF-B7B5-93BA3B916B2B}"
EndProject
Global
	GlobalSection(SolutionConfigurationPlatforms) = preSolution
		Debug|Any CPU = Debug|Any CPU
		Release|Any CPU = Release|Any CPU
	EndGlobalSection
	GlobalSection(ProjectConfigurationPlatforms) = postSolution
		{F5F4261F-0A5D-4B4C-9C89-EF22E43503A2}.Debug|Any CPU.ActiveCfg = Debug|Any CPU
		{F5F4261F-0A5D-4B4C-9C89-EF22E43503A2}.Debug|Any CPU.Build.0 = Debug|Any CPU
		{F5F4261F-0A5D-4B4C-9C89-EF22E43503A2}.Release|Any CPU.ActiveCfg = Release|Any CPU
		{F5F4261F-0A5D-4B4C-9C89-EF22E43503A2}.Release|Any CPU.Build.0 = Release|Any CPU
		{199C0B29-98C6-4038-80DA-E72AFF5969D1}.Debug|Any CPU.ActiveCfg = Debug|Any CPU
		{199C0B29-98C6-4038-80DA-E72AFF5969D1}.Debug|Any CPU.Build.0 = Debug|Any CPU
		{199C0B29-98C6-4038-80DA-E72AFF5969D1}.Release|Any CPU.ActiveCfg = Release|Any CPU
		{199C0B29-98C6-4038-80DA-E72AFF5969D1}.Release|Any CPU.Build.0 = Release|Any CPU
		{9AFB0C8E-DC7D-49EF-B7B5-93BA3B916B2B}.Debug|Any CPU.ActiveCfg = Debug|Any CPU
		{9AFB0C8E-DC7D-49EF-B7B5-93BA3B916B2B}.Debug|Any CPU.Build.0 = Debug|Any CPU
		{9AFB0C8E-DC7D-49EF-B7B5-93BA3B916B2B}.Release|Any CPU.ActiveCfg = Release|Any CPU
		{9AFB0C8E-DC7D-49EF-B7B5-93BA3B916B2B}.Release|Any CPU.Build.0 = Release|Any CPU
	EndGlobalSection
	GlobalSection(SolutionProperties) = preSolution
		HideSolutionNode = FALSE
	EndGlobalSection
	GlobalSection(ExtensibilityGlobals) = postSolution
		SolutionGuid = {0A511522-4345-4A1D-92EF-9C8CA2BA1CAC}
	EndGlobalSection
EndGlobal
